version = 1
revision = 1
requires-python = ">=3.12"

[[package]]
name = "python"
version = "0.1.0"
source = { virtual = "." }
dependencies = [
    { name = "yt-dlp" },
]

[package.metadata]
requires-dist = [{ name = "yt-dlp", specifier = ">=2025.3.31" }]

[[package]]
name = "yt-dlp"
version = "2025.3.31"
source = { registry = "https://pypi.org/simple" }
sdist = { url = "https://files.pythonhosted.org/packages/a2/11/333d16f88b1515d4c601e1dfbf1028e6798f0b2a8ff1dc5aaa7b797aa9e8/yt_dlp-2025.3.31.tar.gz", hash = "sha256:1bfe0e660d1a70a09e27b2d58f92e30b1e2e362cc487829f2f824346ae49fb91", size = 2967466 }
wheels = [
    { url = "https://files.pythonhosted.org/packages/a8/bf/7b0affb8f163376309696cfd1c677818fa0969fbb9d88225087208799afe/yt_dlp-2025.3.31-py3-none-any.whl", hash = "sha256:8ecb3aa218a3bebe431119f513a8972b9b9d992edf67168c00ab92329a03baec", size = 3226021 },
]
